// !$*UTF8*$!
{
	archiveVersion = 1;
	classes = {
	};
	objectVersion = 45;
	objects = {

/* Begin PBXAggregateTarget section */
		24416B8111C4CA220047AFDD /* Build & Test */ = {
			isa = PBXAggregateTarget;
			buildConfigurationList = 24416B8A11C4CA520047AFDD /* Build configuration list for PBXAggregateTarget "Build & Test" */;
			buildPhases = (
				24416B8011C4CA220047AFDD /* ShellScript */,
			);
			dependencies = (
				24416B8511C4CA280047AFDD /* PBXTargetDependency */,
			);
			name = "Build & Test";
			productName = "Build & test";
		};
/* End PBXAggregateTarget section */

/* Begin PBXBuildFile section */
		24DD6CF91134B3F500162E58 /* BencodingBasicgeoModule.h in Headers */ = {isa = PBXBuildFile; fileRef = 24DD6CF71134B3F500162E58 /* BencodingBasicgeoModule.h */; };
		24DD6CFA1134B3F500162E58 /* BencodingBasicgeoModule.m in Sources */ = {isa = PBXBuildFile; fileRef = 24DD6CF81134B3F500162E58 /* BencodingBasicgeoModule.m */; };
		24DE9E1111C5FE74003F90F6 /* BencodingBasicgeoModuleAssets.h in Headers */ = {isa = PBXBuildFile; fileRef = 24DE9E0F11C5FE74003F90F6 /* BencodingBasicgeoModuleAssets.h */; };
		24DE9E1211C5FE74003F90F6 /* BencodingBasicgeoModuleAssets.m in Sources */ = {isa = PBXBuildFile; fileRef = 24DE9E1011C5FE74003F90F6 /* BencodingBasicgeoModuleAssets.m */; };
		435A95DA150BDE2800387D00 /* BencodingBasicgeoHelpersProxy.h in Headers */ = {isa = PBXBuildFile; fileRef = 435A95D8150BDE2800387D00 /* BencodingBasicgeoHelpersProxy.h */; };
		435A95DB150BDE2800387D00 /* BencodingBasicgeoHelpersProxy.m in Sources */ = {isa = PBXBuildFile; fileRef = 435A95D9150BDE2800387D00 /* BencodingBasicgeoHelpersProxy.m */; };
		435A95DF150BDE3400387D00 /* BencodingBasicgeoGeocoderProxy.h in Headers */ = {isa = PBXBuildFile; fileRef = 435A95DD150BDE3400387D00 /* BencodingBasicgeoGeocoderProxy.h */; };
		435A95E0150BDE3400387D00 /* BencodingBasicgeoGeocoderProxy.m in Sources */ = {isa = PBXBuildFile; fileRef = 435A95DE150BDE3400387D00 /* BencodingBasicgeoGeocoderProxy.m */; };
		435A95E2150BDE4D00387D00 /* CoreLocation.framework in Frameworks */ = {isa = PBXBuildFile; fileRef = 435A95E1150BDE4D00387D00 /* CoreLocation.framework */; };
		43872D41158FB59A003A4C40 /* BencodingBasicgeoAvailabilityProxy.h in Headers */ = {isa = PBXBuildFile; fileRef = 43872D3F158FB59A003A4C40 /* BencodingBasicgeoAvailabilityProxy.h */; };
		43872D42158FB59A003A4C40 /* BencodingBasicgeoAvailabilityProxy.m in Sources */ = {isa = PBXBuildFile; fileRef = 43872D40158FB59A003A4C40 /* BencodingBasicgeoAvailabilityProxy.m */; };
		43872D46158FB7DF003A4C40 /* BencodingBasicgeoTelephonyProxy.h in Headers */ = {isa = PBXBuildFile; fileRef = 43872D44158FB7DF003A4C40 /* BencodingBasicgeoTelephonyProxy.h */; };
		43872D47158FB7DF003A4C40 /* BencodingBasicgeoTelephonyProxy.m in Sources */ = {isa = PBXBuildFile; fileRef = 43872D45158FB7DF003A4C40 /* BencodingBasicgeoTelephonyProxy.m */; };
		43872D4A158FB82C003A4C40 /* BencodingBasicgeoCurrentGeolocationProxy.h in Headers */ = {isa = PBXBuildFile; fileRef = 43872D48158FB82C003A4C40 /* BencodingBasicgeoCurrentGeolocationProxy.h */; };
		43872D4B158FB82C003A4C40 /* BencodingBasicgeoCurrentGeolocationProxy.m in Sources */ = {isa = PBXBuildFile; fileRef = 43872D49158FB82C003A4C40 /* BencodingBasicgeoCurrentGeolocationProxy.m */; };
		43872D4E158FB910003A4C40 /* DKLocationManager.h in Headers */ = {isa = PBXBuildFile; fileRef = 43872D4C158FB910003A4C40 /* DKLocationManager.h */; };
		43872D4F158FB910003A4C40 /* DKLocationManager.m in Sources */ = {isa = PBXBuildFile; fileRef = 43872D4D158FB910003A4C40 /* DKLocationManager.m */; };
		43872D55158FDDAC003A4C40 /* BencodingBasicgeoLocationMonitorProxy.h in Headers */ = {isa = PBXBuildFile; fileRef = 43872D53158FDDAC003A4C40 /* BencodingBasicgeoLocationMonitorProxy.h */; };
		43872D56158FDDAC003A4C40 /* BencodingBasicgeoLocationMonitorProxy.m in Sources */ = {isa = PBXBuildFile; fileRef = 43872D54158FDDAC003A4C40 /* BencodingBasicgeoLocationMonitorProxy.m */; };
		43872D59158FE316003A4C40 /* Helpers.h in Headers */ = {isa = PBXBuildFile; fileRef = 43872D57158FE316003A4C40 /* Helpers.h */; };
		43872D5A158FE316003A4C40 /* Helpers.m in Sources */ = {isa = PBXBuildFile; fileRef = 43872D58158FE316003A4C40 /* Helpers.m */; };
		43872D5F158FE941003A4C40 /* CoreTelephony.framework in Frameworks */ = {isa = PBXBuildFile; fileRef = 43872D5E158FE941003A4C40 /* CoreTelephony.framework */; };
		43BE323115444A0400F11EFA /* BencodingBasicgeoSignificantChangeProxy.h in Headers */ = {isa = PBXBuildFile; fileRef = 43BE322F15444A0400F11EFA /* BencodingBasicgeoSignificantChangeProxy.h */; };
		43BE323215444A0400F11EFA /* BencodingBasicgeoSignificantChangeProxy.m in Sources */ = {isa = PBXBuildFile; fileRef = 43BE323015444A0400F11EFA /* BencodingBasicgeoSignificantChangeProxy.m */; };
		AA747D9F0F9514B9006C5449 /* BencodingBasicgeo_Prefix.pch in Headers */ = {isa = PBXBuildFile; fileRef = AA747D9E0F9514B9006C5449 /* BencodingBasicgeo_Prefix.pch */; };
		AACBBE4A0F95108600F1A2B1 /* Foundation.framework in Frameworks */ = {isa = PBXBuildFile; fileRef = AACBBE490F95108600F1A2B1 /* Foundation.framework */; };
/* End PBXBuildFile section */

/* Begin PBXContainerItemProxy section */
		24416B8411C4CA280047AFDD /* PBXContainerItemProxy */ = {
			isa = PBXContainerItemProxy;
			containerPortal = 0867D690FE84028FC02AAC07 /* Project object */;
			proxyType = 1;
			remoteGlobalIDString = D2AAC07D0554694100DB518D;
			remoteInfo = basicgeo;
		};
/* End PBXContainerItemProxy section */

/* Begin PBXFileReference section */
		24DD6CF71134B3F500162E58 /* BencodingBasicgeoModule.h */ = {isa = PBXFileReference; fileEncoding = 4; lastKnownFileType = sourcecode.c.h; name = BencodingBasicgeoModule.h; path = Classes/BencodingBasicgeoModule.h; sourceTree = "<group>"; };
		24DD6CF81134B3F500162E58 /* BencodingBasicgeoModule.m */ = {isa = PBXFileReference; fileEncoding = 4; lastKnownFileType = sourcecode.c.objc; name = BencodingBasicgeoModule.m; path = Classes/BencodingBasicgeoModule.m; sourceTree = "<group>"; };
		24DD6D1B1134B66800162E58 /* titanium.xcconfig */ = {isa = PBXFileReference; fileEncoding = 4; lastKnownFileType = text.xcconfig; path = titanium.xcconfig; sourceTree = "<group>"; };
		24DE9E0F11C5FE74003F90F6 /* BencodingBasicgeoModuleAssets.h */ = {isa = PBXFileReference; fileEncoding = 4; lastKnownFileType = sourcecode.c.h; name = BencodingBasicgeoModuleAssets.h; path = Classes/BencodingBasicgeoModuleAssets.h; sourceTree = "<group>"; };
		24DE9E1011C5FE74003F90F6 /* BencodingBasicgeoModuleAssets.m */ = {isa = PBXFileReference; fileEncoding = 4; lastKnownFileType = sourcecode.c.objc; name = BencodingBasicgeoModuleAssets.m; path = Classes/BencodingBasicgeoModuleAssets.m; sourceTree = "<group>"; };
		435A95D8150BDE2800387D00 /* BencodingBasicgeoHelpersProxy.h */ = {isa = PBXFileReference; fileEncoding = 4; lastKnownFileType = sourcecode.c.h; name = BencodingBasicgeoHelpersProxy.h; path = Classes/BencodingBasicgeoHelpersProxy.h; sourceTree = "<group>"; };
		435A95D9150BDE2800387D00 /* BencodingBasicgeoHelpersProxy.m */ = {isa = PBXFileReference; fileEncoding = 4; lastKnownFileType = sourcecode.c.objc; name = BencodingBasicgeoHelpersProxy.m; path = Classes/BencodingBasicgeoHelpersProxy.m; sourceTree = "<group>"; };
		435A95DD150BDE3400387D00 /* BencodingBasicgeoGeocoderProxy.h */ = {isa = PBXFileReference; fileEncoding = 4; lastKnownFileType = sourcecode.c.h; name = BencodingBasicgeoGeocoderProxy.h; path = Classes/BencodingBasicgeoGeocoderProxy.h; sourceTree = "<group>"; };
		435A95DE150BDE3400387D00 /* BencodingBasicgeoGeocoderProxy.m */ = {isa = PBXFileReference; fileEncoding = 4; lastKnownFileType = sourcecode.c.objc; name = BencodingBasicgeoGeocoderProxy.m; path = Classes/BencodingBasicgeoGeocoderProxy.m; sourceTree = "<group>"; };
		435A95E1150BDE4D00387D00 /* CoreLocation.framework */ = {isa = PBXFileReference; lastKnownFileType = wrapper.framework; name = CoreLocation.framework; path = System/Library/Frameworks/CoreLocation.framework; sourceTree = SDKROOT; };
		43872D3F158FB59A003A4C40 /* BencodingBasicgeoAvailabilityProxy.h */ = {isa = PBXFileReference; fileEncoding = 4; lastKnownFileType = sourcecode.c.h; name = BencodingBasicgeoAvailabilityProxy.h; path = Classes/BencodingBasicgeoAvailabilityProxy.h; sourceTree = "<group>"; };
		43872D40158FB59A003A4C40 /* BencodingBasicgeoAvailabilityProxy.m */ = {isa = PBXFileReference; fileEncoding = 4; lastKnownFileType = sourcecode.c.objc; name = BencodingBasicgeoAvailabilityProxy.m; path = Classes/BencodingBasicgeoAvailabilityProxy.m; sourceTree = "<group>"; };
		43872D44158FB7DF003A4C40 /* BencodingBasicgeoTelephonyProxy.h */ = {isa = PBXFileReference; fileEncoding = 4; lastKnownFileType = sourcecode.c.h; name = BencodingBasicgeoTelephonyProxy.h; path = Classes/BencodingBasicgeoTelephonyProxy.h; sourceTree = "<group>"; };
		43872D45158FB7DF003A4C40 /* BencodingBasicgeoTelephonyProxy.m */ = {isa = PBXFileReference; fileEncoding = 4; lastKnownFileType = sourcecode.c.objc; name = BencodingBasicgeoTelephonyProxy.m; path = Classes/BencodingBasicgeoTelephonyProxy.m; sourceTree = "<group>"; };
		43872D48158FB82C003A4C40 /* BencodingBasicgeoCurrentGeolocationProxy.h */ = {isa = PBXFileReference; fileEncoding = 4; lastKnownFileType = sourcecode.c.h; name = BencodingBasicgeoCurrentGeolocationProxy.h; path = Classes/BencodingBasicgeoCurrentGeolocationProxy.h; sourceTree = "<group>"; };
		43872D49158FB82C003A4C40 /* BencodingBasicgeoCurrentGeolocationProxy.m */ = {isa = PBXFileReference; fileEncoding = 4; lastKnownFileType = sourcecode.c.objc; name = BencodingBasicgeoCurrentGeolocationProxy.m; path = Classes/BencodingBasicgeoCurrentGeolocationProxy.m; sourceTree = "<group>"; };
		43872D4C158FB910003A4C40 /* DKLocationManager.h */ = {isa = PBXFileReference; fileEncoding = 4; lastKnownFileType = sourcecode.c.h; name = DKLocationManager.h; path = Classes/DKLocationManager.h; sourceTree = "<group>"; };
		43872D4D158FB910003A4C40 /* DKLocationManager.m */ = {isa = PBXFileReference; fileEncoding = 4; lastKnownFileType = sourcecode.c.objc; name = DKLocationManager.m; path = Classes/DKLocationManager.m; sourceTree = "<group>"; };
		43872D53158FDDAC003A4C40 /* BencodingBasicgeoLocationMonitorProxy.h */ = {isa = PBXFileReference; fileEncoding = 4; lastKnownFileType = sourcecode.c.h; name = BencodingBasicgeoLocationMonitorProxy.h; path = Classes/BencodingBasicgeoLocationMonitorProxy.h; sourceTree = "<group>"; };
		43872D54158FDDAC003A4C40 /* BencodingBasicgeoLocationMonitorProxy.m */ = {isa = PBXFileReference; fileEncoding = 4; lastKnownFileType = sourcecode.c.objc; name = BencodingBasicgeoLocationMonitorProxy.m; path = Classes/BencodingBasicgeoLocationMonitorProxy.m; sourceTree = "<group>"; };
		43872D57158FE316003A4C40 /* Helpers.h */ = {isa = PBXFileReference; fileEncoding = 4; lastKnownFileType = sourcecode.c.h; name = Helpers.h; path = Classes/Helpers.h; sourceTree = "<group>"; };
		43872D58158FE316003A4C40 /* Helpers.m */ = {isa = PBXFileReference; fileEncoding = 4; lastKnownFileType = sourcecode.c.objc; name = Helpers.m; path = Classes/Helpers.m; sourceTree = "<group>"; };
		43872D5E158FE941003A4C40 /* CoreTelephony.framework */ = {isa = PBXFileReference; lastKnownFileType = wrapper.framework; name = CoreTelephony.framework; path = System/Library/Frameworks/CoreTelephony.framework; sourceTree = SDKROOT; };
		43BE322F15444A0400F11EFA /* BencodingBasicgeoSignificantChangeProxy.h */ = {isa = PBXFileReference; fileEncoding = 4; lastKnownFileType = sourcecode.c.h; name = BencodingBasicgeoSignificantChangeProxy.h; path = Classes/BencodingBasicgeoSignificantChangeProxy.h; sourceTree = "<group>"; };
		43BE323015444A0400F11EFA /* BencodingBasicgeoSignificantChangeProxy.m */ = {isa = PBXFileReference; fileEncoding = 4; lastKnownFileType = sourcecode.c.objc; name = BencodingBasicgeoSignificantChangeProxy.m; path = Classes/BencodingBasicgeoSignificantChangeProxy.m; sourceTree = "<group>"; };
		AA747D9E0F9514B9006C5449 /* BencodingBasicgeo_Prefix.pch */ = {isa = PBXFileReference; fileEncoding = 4; lastKnownFileType = sourcecode.c.h; path = BencodingBasicgeo_Prefix.pch; sourceTree = SOURCE_ROOT; };
		AACBBE490F95108600F1A2B1 /* Foundation.framework */ = {isa = PBXFileReference; lastKnownFileType = wrapper.framework; name = Foundation.framework; path = System/Library/Frameworks/Foundation.framework; sourceTree = SDKROOT; };
		D2AAC07E0554694100DB518D /* libBencodingBasicgeo.a */ = {isa = PBXFileReference; explicitFileType = archive.ar; includeInIndex = 0; path = libBencodingBasicgeo.a; sourceTree = BUILT_PRODUCTS_DIR; };
/* End PBXFileReference section */

/* Begin PBXFrameworksBuildPhase section */
		D2AAC07C0554694100DB518D /* Frameworks */ = {
			isa = PBXFrameworksBuildPhase;
			buildActionMask = 2147483647;
			files = (
				43872D5F158FE941003A4C40 /* CoreTelephony.framework in Frameworks */,
				435A95E2150BDE4D00387D00 /* CoreLocation.framework in Frameworks */,
				AACBBE4A0F95108600F1A2B1 /* Foundation.framework in Frameworks */,
			);
			runOnlyForDeploymentPostprocessing = 0;
		};
/* End PBXFrameworksBuildPhase section */

/* Begin PBXGroup section */
		034768DFFF38A50411DB9C8B /* Products */ = {
			isa = PBXGroup;
			children = (
				D2AAC07E0554694100DB518D /* libBencodingBasicgeo.a */,
			);
			name = Products;
			sourceTree = "<group>";
		};
		0867D691FE84028FC02AAC07 /* basicgeo */ = {
			isa = PBXGroup;
			children = (
				08FB77AEFE84172EC02AAC07 /* Classes */,
				32C88DFF0371C24200C91783 /* Other Sources */,
				0867D69AFE84028FC02AAC07 /* Frameworks */,
				034768DFFF38A50411DB9C8B /* Products */,
			);
			name = basicgeo;
			sourceTree = "<group>";
		};
		0867D69AFE84028FC02AAC07 /* Frameworks */ = {
			isa = PBXGroup;
			children = (
				43872D5E158FE941003A4C40 /* CoreTelephony.framework */,
				435A95E1150BDE4D00387D00 /* CoreLocation.framework */,
				AACBBE490F95108600F1A2B1 /* Foundation.framework */,
			);
			name = Frameworks;
			sourceTree = "<group>";
		};
		08FB77AEFE84172EC02AAC07 /* Classes */ = {
			isa = PBXGroup;
			children = (
				435A95DD150BDE3400387D00 /* BencodingBasicgeoGeocoderProxy.h */,
				435A95DE150BDE3400387D00 /* BencodingBasicgeoGeocoderProxy.m */,
				435A95D8150BDE2800387D00 /* BencodingBasicgeoHelpersProxy.h */,
				435A95D9150BDE2800387D00 /* BencodingBasicgeoHelpersProxy.m */,
				24DE9E0F11C5FE74003F90F6 /* BencodingBasicgeoModuleAssets.h */,
				24DE9E1011C5FE74003F90F6 /* BencodingBasicgeoModuleAssets.m */,
				24DD6CF71134B3F500162E58 /* BencodingBasicgeoModule.h */,
				24DD6CF81134B3F500162E58 /* BencodingBasicgeoModule.m */,
				43BE322F15444A0400F11EFA /* BencodingBasicgeoSignificantChangeProxy.h */,
				43BE323015444A0400F11EFA /* BencodingBasicgeoSignificantChangeProxy.m */,
				43872D3F158FB59A003A4C40 /* BencodingBasicgeoAvailabilityProxy.h */,
				43872D40158FB59A003A4C40 /* BencodingBasicgeoAvailabilityProxy.m */,
				43872D44158FB7DF003A4C40 /* BencodingBasicgeoTelephonyProxy.h */,
				43872D45158FB7DF003A4C40 /* BencodingBasicgeoTelephonyProxy.m */,
				43872D48158FB82C003A4C40 /* BencodingBasicgeoCurrentGeolocationProxy.h */,
				43872D49158FB82C003A4C40 /* BencodingBasicgeoCurrentGeolocationProxy.m */,
				43872D4C158FB910003A4C40 /* DKLocationManager.h */,
				43872D4D158FB910003A4C40 /* DKLocationManager.m */,
				43872D53158FDDAC003A4C40 /* BencodingBasicgeoLocationMonitorProxy.h */,
				43872D54158FDDAC003A4C40 /* BencodingBasicgeoLocationMonitorProxy.m */,
				43872D57158FE316003A4C40 /* Helpers.h */,
				43872D58158FE316003A4C40 /* Helpers.m */,
			);
			name = Classes;
			sourceTree = "<group>";
		};
		32C88DFF0371C24200C91783 /* Other Sources */ = {
			isa = PBXGroup;
			children = (
				AA747D9E0F9514B9006C5449 /* BencodingBasicgeo_Prefix.pch */,
				24DD6D1B1134B66800162E58 /* titanium.xcconfig */,
			);
			name = "Other Sources";
			sourceTree = "<group>";
		};
/* End PBXGroup section */

/* Begin PBXHeadersBuildPhase section */
		D2AAC07A0554694100DB518D /* Headers */ = {
			isa = PBXHeadersBuildPhase;
			buildActionMask = 2147483647;
			files = (
				AA747D9F0F9514B9006C5449 /* BencodingBasicgeo_Prefix.pch in Headers */,
				24DD6CF91134B3F500162E58 /* BencodingBasicgeoModule.h in Headers */,
				24DE9E1111C5FE74003F90F6 /* BencodingBasicgeoModuleAssets.h in Headers */,
				435A95DA150BDE2800387D00 /* BencodingBasicgeoHelpersProxy.h in Headers */,
				435A95DF150BDE3400387D00 /* BencodingBasicgeoGeocoderProxy.h in Headers */,
				43BE323115444A0400F11EFA /* BencodingBasicgeoSignificantChangeProxy.h in Headers */,
				43872D41158FB59A003A4C40 /* BencodingBasicgeoAvailabilityProxy.h in Headers */,
				43872D46158FB7DF003A4C40 /* BencodingBasicgeoTelephonyProxy.h in Headers */,
				43872D4A158FB82C003A4C40 /* BencodingBasicgeoCurrentGeolocationProxy.h in Headers */,
				43872D4E158FB910003A4C40 /* DKLocationManager.h in Headers */,
				43872D55158FDDAC003A4C40 /* BencodingBasicgeoLocationMonitorProxy.h in Headers */,
				43872D59158FE316003A4C40 /* Helpers.h in Headers */,
			);
			runOnlyForDeploymentPostprocessing = 0;
		};
/* End PBXHeadersBuildPhase section */

/* Begin PBXNativeTarget section */
		D2AAC07D0554694100DB518D /* basicgeo */ = {
			isa = PBXNativeTarget;
			buildConfigurationList = 1DEB921E08733DC00010E9CD /* Build configuration list for PBXNativeTarget "basicgeo" */;
			buildPhases = (
				D2AAC07A0554694100DB518D /* Headers */,
				D2AAC07B0554694100DB518D /* Sources */,
				D2AAC07C0554694100DB518D /* Frameworks */,
			);
			buildRules = (
			);
			dependencies = (
			);
			name = basicgeo;
			productName = basicgeo;
			productReference = D2AAC07E0554694100DB518D /* libBencodingBasicgeo.a */;
			productType = "com.apple.product-type.library.static";
		};
/* End PBXNativeTarget section */

/* Begin PBXProject section */
		0867D690FE84028FC02AAC07 /* Project object */ = {
			isa = PBXProject;
			buildConfigurationList = 1DEB922208733DC00010E9CD /* Build configuration list for PBXProject "basicgeo" */;
			compatibilityVersion = "Xcode 3.1";
			developmentRegion = English;
			hasScannedForEncodings = 1;
			knownRegions = (
				English,
				Japanese,
				French,
				German,
			);
			mainGroup = 0867D691FE84028FC02AAC07 /* basicgeo */;
			productRefGroup = 034768DFFF38A50411DB9C8B /* Products */;
			projectDirPath = "";
			projectRoot = "";
			targets = (
				D2AAC07D0554694100DB518D /* basicgeo */,
				24416B8111C4CA220047AFDD /* Build & Test */,
			);
		};
/* End PBXProject section */

/* Begin PBXShellScriptBuildPhase section */
		24416B8011C4CA220047AFDD /* ShellScript */ = {
			isa = PBXShellScriptBuildPhase;
			buildActionMask = 2147483647;
			files = (
			);
			inputPaths = (
			);
			outputPaths = (
			);
			runOnlyForDeploymentPostprocessing = 0;
			shellPath = /bin/sh;
			shellScript = "# shell script goes here\n\npython \"${TITANIUM_SDK}/titanium.py\" run --dir=\"${PROJECT_DIR}\"\nexit $?\n";
		};
/* End PBXShellScriptBuildPhase section */

/* Begin PBXSourcesBuildPhase section */
		D2AAC07B0554694100DB518D /* Sources */ = {
			isa = PBXSourcesBuildPhase;
			buildActionMask = 2147483647;
			files = (
				24DD6CFA1134B3F500162E58 /* BencodingBasicgeoModule.m in Sources */,
				24DE9E1211C5FE74003F90F6 /* BencodingBasicgeoModuleAssets.m in Sources */,
				435A95DB150BDE2800387D00 /* BencodingBasicgeoHelpersProxy.m in Sources */,
				435A95E0150BDE3400387D00 /* BencodingBasicgeoGeocoderProxy.m in Sources */,
				43BE323215444A0400F11EFA /* BencodingBasicgeoSignificantChangeProxy.m in Sources */,
				43872D42158FB59A003A4C40 /* BencodingBasicgeoAvailabilityProxy.m in Sources */,
				43872D47158FB7DF003A4C40 /* BencodingBasicgeoTelephonyProxy.m in Sources */,
				43872D4B158FB82C003A4C40 /* BencodingBasicgeoCurrentGeolocationProxy.m in Sources */,
				43872D4F158FB910003A4C40 /* DKLocationManager.m in Sources */,
				43872D56158FDDAC003A4C40 /* BencodingBasicgeoLocationMonitorProxy.m in Sources */,
				43872D5A158FE316003A4C40 /* Helpers.m in Sources */,
			);
			runOnlyForDeploymentPostprocessing = 0;
		};
/* End PBXSourcesBuildPhase section */

/* Begin PBXTargetDependency section */
		24416B8511C4CA280047AFDD /* PBXTargetDependency */ = {
			isa = PBXTargetDependency;
			target = D2AAC07D0554694100DB518D /* basicgeo */;
			targetProxy = 24416B8411C4CA280047AFDD /* PBXContainerItemProxy */;
		};
/* End PBXTargetDependency section */

/* Begin XCBuildConfiguration section */
		1DEB921F08733DC00010E9CD /* Debug */ = {
			isa = XCBuildConfiguration;
			baseConfigurationReference = 24DD6D1B1134B66800162E58 /* titanium.xcconfig */;
			buildSettings = {
				ARCHS = (
					armv6,
					armv7,
				);
				"ARCHS[sdk=iphoneos*]" = (
					armv6,
					armv7,
				);
				"ARCHS[sdk=iphonesimulator*]" = i386;
				CODE_SIGN_IDENTITY = "iPhone Developer";
				"CODE_SIGN_IDENTITY[sdk=iphoneos*]" = "iPhone Developer";
				DSTROOT = /tmp/BencodingBasicgeo.dst;
				GCC_C_LANGUAGE_STANDARD = c99;
				GCC_OPTIMIZATION_LEVEL = 0;
				GCC_PRECOMPILE_PREFIX_HEADER = YES;
				GCC_PREFIX_HEADER = BencodingBasicgeo_Prefix.pch;
				GCC_PREPROCESSOR_DEFINITIONS = "TI_VERSION=$(TI_VERSION)";
				GCC_TREAT_WARNINGS_AS_ERRORS = NO;
				GCC_VERSION = "";
				GCC_WARN_ABOUT_RETURN_TYPE = NO;
				GCC_WARN_MISSING_PARENTHESES = NO;
				GCC_WARN_SHADOW = NO;
				GCC_WARN_STRICT_SELECTOR_MATCH = NO;
				GCC_WARN_UNUSED_FUNCTION = YES;
				GCC_WARN_UNUSED_PARAMETER = NO;
				GCC_WARN_UNUSED_VALUE = NO;
				GCC_WARN_UNUSED_VARIABLE = NO;
				INSTALL_PATH = /usr/local/lib;
				OTHER_CFLAGS = (
					"-DDEBUG",
					"-DTI_POST_1_2",
				);
				OTHER_LDFLAGS = "-ObjC";
				PRODUCT_NAME = BencodingBasicgeo;
				PROVISIONING_PROFILE = "";
				"PROVISIONING_PROFILE[sdk=iphoneos*]" = "";
				RUN_CLANG_STATIC_ANALYZER = NO;
				SDKROOT = iphoneos;
				USER_HEADER_SEARCH_PATHS = "";
			};
			name = Debug;
		};
		1DEB922008733DC00010E9CD /* Release */ = {
			isa = XCBuildConfiguration;
			baseConfigurationReference = 24DD6D1B1134B66800162E58 /* titanium.xcconfig */;
			buildSettings = {
				ALWAYS_SEARCH_USER_PATHS = NO;
				ARCHS = (
					armv6,
					armv7,
				);
				"ARCHS[sdk=iphoneos*]" = (
					armv6,
					armv7,
				);
				"ARCHS[sdk=iphonesimulator*]" = i386;
				DSTROOT = /tmp/BencodingBasicgeo.dst;
				GCC_C_LANGUAGE_STANDARD = c99;
				GCC_MODEL_TUNING = G5;
				GCC_PRECOMPILE_PREFIX_HEADER = YES;
				GCC_PREFIX_HEADER = BencodingBasicgeo_Prefix.pch;
				GCC_PREPROCESSOR_DEFINITIONS = "TI_VERSION=$(TI_VERSION)";
				GCC_TREAT_WARNINGS_AS_ERRORS = NO;
				GCC_VERSION = "";
				GCC_WARN_ABOUT_RETURN_TYPE = NO;
				GCC_WARN_MISSING_PARENTHESES = NO;
				GCC_WARN_SHADOW = NO;
				GCC_WARN_STRICT_SELECTOR_MATCH = NO;
				GCC_WARN_UNUSED_FUNCTION = YES;
				GCC_WARN_UNUSED_PARAMETER = NO;
				GCC_WARN_UNUSED_VALUE = NO;
				GCC_WARN_UNUSED_VARIABLE = NO;
				INSTALL_PATH = /usr/local/lib;
				IPHONEOS_DEPLOYMENT_TARGET = 4.0;
				OTHER_CFLAGS = "-DTI_POST_1_2";
				OTHER_LDFLAGS = "-ObjC";
				PRODUCT_NAME = BencodingBasicgeo;
				RUN_CLANG_STATIC_ANALYZER = NO;
				SDKROOT = iphoneos;
				USER_HEADER_SEARCH_PATHS = "";
			};
			name = Release;
		};
		1DEB922308733DC00010E9CD /* Debug */ = {
			isa = XCBuildConfiguration;
			baseConfigurationReference = 24DD6D1B1134B66800162E58 /* titanium.xcconfig */;
			buildSettings = {
				ARCHS = (
					armv6,
					armv7,
				);
				"ARCHS[sdk=iphoneos*]" = (
					armv6,
					armv7,
				);
				"ARCHS[sdk=iphonesimulator*]" = i386;
				CODE_SIGN_IDENTITY = "iPhone Developer";
				"CODE_SIGN_IDENTITY[sdk=iphoneos*]" = "iPhone Developer";
				DSTROOT = /tmp/BencodingBasicgeo.dst;
				GCC_C_LANGUAGE_STANDARD = c99;
				GCC_OPTIMIZATION_LEVEL = 0;
				GCC_PRECOMPILE_PREFIX_HEADER = YES;
				GCC_PREFIX_HEADER = BencodingBasicgeo_Prefix.pch;
				GCC_PREPROCESSOR_DEFINITIONS = "TI_VERSION=$(TI_VERSION)";
				GCC_TREAT_WARNINGS_AS_ERRORS = NO;
				GCC_VERSION = "";
				GCC_WARN_ABOUT_RETURN_TYPE = NO;
				GCC_WARN_MISSING_PARENTHESES = NO;
				GCC_WARN_SHADOW = NO;
				GCC_WARN_STRICT_SELECTOR_MATCH = NO;
				GCC_WARN_UNUSED_FUNCTION = YES;
				GCC_WARN_UNUSED_PARAMETER = NO;
				GCC_WARN_UNUSED_VALUE = NO;
				GCC_WARN_UNUSED_VARIABLE = NO;
				INSTALL_PATH = /usr/local/lib;
				OTHER_CFLAGS = (
					"-DDEBUG",
					"-DTI_POST_1_2",
				);
				OTHER_LDFLAGS = "-ObjC";
				PRODUCT_NAME = BencodingBasicgeo;
				PROVISIONING_PROFILE = "";
				"PROVISIONING_PROFILE[sdk=iphoneos*]" = "";
				RUN_CLANG_STATIC_ANALYZER = NO;
				SDKROOT = iphoneos;
				USER_HEADER_SEARCH_PATHS = "";
			};
			name = Debug;
		};
		1DEB922408733DC00010E9CD /* Release */ = {
			isa = XCBuildConfiguration;
			baseConfigurationReference = 24DD6D1B1134B66800162E58 /* titanium.xcconfig */;
			buildSettings = {
				ALWAYS_SEARCH_USER_PATHS = NO;
				ARCHS = (
					armv6,
					armv7,
				);
				"ARCHS[sdk=iphoneos*]" = (
					armv6,
					armv7,
				);
				"ARCHS[sdk=iphonesimulator*]" = i386;
				DSTROOT = /tmp/BencodingBasicgeo.dst;
				GCC_C_LANGUAGE_STANDARD = c99;
				GCC_MODEL_TUNING = G5;
				GCC_PRECOMPILE_PREFIX_HEADER = YES;
				GCC_PREFIX_HEADER = BencodingBasicgeo_Prefix.pch;
				GCC_PREPROCESSOR_DEFINITIONS = "TI_VERSION=$(TI_VERSION)";
				GCC_TREAT_WARNINGS_AS_ERRORS = NO;
				GCC_VERSION = "";
				GCC_WARN_ABOUT_RETURN_TYPE = NO;
				GCC_WARN_MISSING_PARENTHESES = NO;
				GCC_WARN_SHADOW = NO;
				GCC_WARN_STRICT_SELECTOR_MATCH = NO;
				GCC_WARN_UNUSED_FUNCTION = YES;
				GCC_WARN_UNUSED_PARAMETER = NO;
				GCC_WARN_UNUSED_VALUE = NO;
				GCC_WARN_UNUSED_VARIABLE = NO;
				INSTALL_PATH = /usr/local/lib;
				IPHONEOS_DEPLOYMENT_TARGET = 4.0;
				OTHER_CFLAGS = "-DTI_POST_1_2";
				OTHER_LDFLAGS = "-ObjC";
				PRODUCT_NAME = BencodingBasicgeo;
				RUN_CLANG_STATIC_ANALYZER = NO;
				SDKROOT = iphoneos;
				USER_HEADER_SEARCH_PATHS = "";
			};
			name = Release;
		};
		24416B8211C4CA220047AFDD /* Debug */ = {
			isa = XCBuildConfiguration;
			baseConfigurationReference = 24DD6D1B1134B66800162E58 /* titanium.xcconfig */;
			buildSettings = {
				COPY_PHASE_STRIP = NO;
				GCC_DYNAMIC_NO_PIC = NO;
				GCC_OPTIMIZATION_LEVEL = 0;
				PRODUCT_NAME = "Build & test";
			};
			name = Debug;
		};
		24416B8311C4CA220047AFDD /* Release */ = {
			isa = XCBuildConfiguration;
			baseConfigurationReference = 24DD6D1B1134B66800162E58 /* titanium.xcconfig */;
			buildSettings = {
				COPY_PHASE_STRIP = YES;
				DEBUG_INFORMATION_FORMAT = "dwarf-with-dsym";
				GCC_ENABLE_FIX_AND_CONTINUE = NO;
				PRODUCT_NAME = "Build & test";
				ZERO_LINK = NO;
			};
			name = Release;
		};
/* End XCBuildConfiguration section */

/* Begin XCConfigurationList section */
		1DEB921E08733DC00010E9CD /* Build configuration list for PBXNativeTarget "basicgeo" */ = {
			isa = XCConfigurationList;
			buildConfigurations = (
				1DEB921F08733DC00010E9CD /* Debug */,
				1DEB922008733DC00010E9CD /* Release */,
			);
			defaultConfigurationIsVisible = 0;
			defaultConfigurationName = Release;
		};
		1DEB922208733DC00010E9CD /* Build configuration list for PBXProject "basicgeo" */ = {
			isa = XCConfigurationList;
			buildConfigurations = (
				1DEB922308733DC00010E9CD /* Debug */,
				1DEB922408733DC00010E9CD /* Release */,
			);
			defaultConfigurationIsVisible = 0;
			defaultConfigurationName = Release;
		};
		24416B8A11C4CA520047AFDD /* Build configuration list for PBXAggregateTarget "Build & Test" */ = {
			isa = XCConfigurationList;
			buildConfigurations = (
				24416B8211C4CA220047AFDD /* Debug */,
				24416B8311C4CA220047AFDD /* Release */,
			);
			defaultConfigurationIsVisible = 0;
			defaultConfigurationName = Release;
		};
/* End XCConfigurationList section */
	};
	rootObject = 0867D690FE84028FC02AAC07 /* Project object */;
}
